
Microsoft Visual Studio Solution File, Format Version 12.00
# Visual Studio Version 17
VisualStudioVersion = 17.0.31912.275
MinimumVisualStudioVersion = 10.0.40219.1
Project("{9A19103F-16F7-4668-BE54-9A1E7A4F7556}") = "1 December", "Advent of Code 2021\1 December.csproj", "{30024DFB-0648-4733-B09E-214FBC8F1089}"
EndProject
Project("{FAE04EC0-301F-11D3-BF4B-00C04F79EFBC}") = "2 December", "2 December\2 December.csproj", "{EEBC487B-CED7-48B3-BCE6-3F57EF1B57B5}"
EndProject
Project("{FAE04EC0-301F-11D3-BF4B-00C04F79EFBC}") = "3 December", "3 December\3 December.csproj", "{4AF4E0EA-3EC0-4F6E-8ED4-571A482D37DA}"
EndProject
Global
	GlobalSection(SolutionConfigurationPlatforms) = preSolution
		Debug|Any CPU = Debug|Any CPU
		Release|Any CPU = Release|Any CPU
	EndGlobalSection
	GlobalSection(ProjectConfigurationPlatforms) = postSolution
		{30024DFB-0648-4733-B09E-214FBC8F1089}.Debug|Any CPU.ActiveCfg = Debug|Any CPU
		{30024DFB-0648-4733-B09E-214FBC8F1089}.Debug|Any CPU.Build.0 = Debug|Any CPU
		{30024DFB-0648-4733-B09E-214FBC8F1089}.Release|Any CPU.ActiveCfg = Release|Any CPU
		{30024DFB-0648-4733-B09E-214FBC8F1089}.Release|Any CPU.Build.0 = Release|Any CPU
		{EEBC487B-CED7-48B3-BCE6-3F57EF1B57B5}.Debug|Any CPU.ActiveCfg = Debug|Any CPU
		{EEBC487B-CED7-48B3-BCE6-3F57EF1B57B5}.Debug|Any CPU.Build.0 = Debug|Any CPU
		{EEBC487B-CED7-48B3-BCE6-3F57EF1B57B5}.Release|Any CPU.ActiveCfg = Release|Any CPU
		{EEBC487B-CED7-48B3-BCE6-3F57EF1B57B5}.Release|Any CPU.Build.0 = Release|Any CPU
		{4AF4E0EA-3EC0-4F6E-8ED4-571A482D37DA}.Debug|Any CPU.ActiveCfg = Debug|Any CPU
		{4AF4E0EA-3EC0-4F6E-8ED4-571A482D37DA}.Debug|Any CPU.Build.0 = Debug|Any CPU
		{4AF4E0EA-3EC0-4F6E-8ED4-571A482D37DA}.Release|Any CPU.ActiveCfg = Release|Any CPU
		{4AF4E0EA-3EC0-4F6E-8ED4-571A482D37DA}.Release|Any CPU.Build.0 = Release|Any CPU
	EndGlobalSection
	GlobalSection(SolutionProperties) = preSolution
		HideSolutionNode = FALSE
	EndGlobalSection
	GlobalSection(ExtensibilityGlobals) = postSolution
		SolutionGuid = {0B39F935-7EF1-4529-B3F1-3B26C57DE32A}
	EndGlobalSection
EndGlobal
